// !$*UTF8*$!
{
	archiveVersion = 1;
	classes = {
	};
	objectVersion = 56;
	objects = {

/* Begin PBXBuildFile section */
		1D8F6DDC2BF157B20084AC46 /* AppDelegate.swift in Sources */ = {isa = PBXBuildFile; fileRef = 1D8F6DDB2BF157B20084AC46 /* AppDelegate.swift */; };
		1D8F6DDE2BF157B20084AC46 /* art.scnassets in Resources */ = {isa = PBXBuildFile; fileRef = 1D8F6DDD2BF157B20084AC46 /* art.scnassets */; };
		1D8F6DE02BF157B20084AC46 /* ViewController.swift in Sources */ = {isa = PBXBuildFile; fileRef = 1D8F6DDF2BF157B20084AC46 /* ViewController.swift */; };
		1D8F6DE32BF157B20084AC46 /* Main.storyboard in Resources */ = {isa = PBXBuildFile; fileRef = 1D8F6DE12BF157B20084AC46 /* Main.storyboard */; };
		1D8F6DE52BF157B30084AC46 /* Assets.xcassets in Resources */ = {isa = PBXBuildFile; fileRef = 1D8F6DE42BF157B30084AC46 /* Assets.xcassets */; };
		1D8F6DE82BF157B30084AC46 /* LaunchScreen.storyboard in Resources */ = {isa = PBXBuildFile; fileRef = 1D8F6DE62BF157B30084AC46 /* LaunchScreen.storyboard */; };
		1D8F6DF62BF2A2BA0084AC46 /* FilterCollectionViewCell.swift in Sources */ = {isa = PBXBuildFile; fileRef = 1D8F6DF42BF2A2BA0084AC46 /* FilterCollectionViewCell.swift */; };
		1D8F6DF72BF2A2BA0084AC46 /* FilterCollectionViewCell.xib in Resources */ = {isa = PBXBuildFile; fileRef = 1D8F6DF52BF2A2BA0084AC46 /* FilterCollectionViewCell.xib */; };
		1DDCC6122BF6363300AB6E25 /* ARFaceFilterModel.xcdatamodeld in Sources */ = {isa = PBXBuildFile; fileRef = 1DDCC6102BF6363300AB6E25 /* ARFaceFilterModel.xcdatamodeld */; };
		6807C7532BF4D0C000E2EE95 /* ViewModel.swift in Sources */ = {isa = PBXBuildFile; fileRef = 6807C7522BF4D0BF00E2EE95 /* ViewModel.swift */; };
		6807C75C2BF4D3FA00E2EE95 /* PersistanceStore.swift in Sources */ = {isa = PBXBuildFile; fileRef = 6807C7552BF4D11D00E2EE95 /* PersistanceStore.swift */; };
		6807C75D2BF4D3FD00E2EE95 /* PersistentStorage.swift in Sources */ = {isa = PBXBuildFile; fileRef = 6807C7562BF4D14800E2EE95 /* PersistentStorage.swift */; };
		6807C75E2BF4D40900E2EE95 /* VideoEntity+CoreDataProperties.swift in Sources */ = {isa = PBXBuildFile; fileRef = 6807C75B2BF4D3B300E2EE95 /* VideoEntity+CoreDataProperties.swift */; };
		6807C75F2BF4D40900E2EE95 /* VideoEntity+CoreDataClass.swift in Sources */ = {isa = PBXBuildFile; fileRef = 6807C75A2BF4D3B300E2EE95 /* VideoEntity+CoreDataClass.swift */; };
		6807C7632BF4FB0000E2EE95 /* VideosViewController.xib in Resources */ = {isa = PBXBuildFile; fileRef = 6807C7622BF4FB0000E2EE95 /* VideosViewController.xib */; };
		6807C7642BF4FB0000E2EE95 /* VideosViewController.swift in Sources */ = {isa = PBXBuildFile; fileRef = 6807C7612BF4FB0000E2EE95 /* VideosViewController.swift */; };
		6807C7672BF4FB7700E2EE95 /* VideoTableViewCell.swift in Sources */ = {isa = PBXBuildFile; fileRef = 6807C7662BF4FB7700E2EE95 /* VideoTableViewCell.swift */; };
		682A4D132BF631C200D16D7C /* FileManager.swift in Sources */ = {isa = PBXBuildFile; fileRef = 682A4D122BF631C200D16D7C /* FileManager.swift */; };
		682A4D292BF6342400D16D7C /* ARVideoKit.framework in Frameworks */ = {isa = PBXBuildFile; fileRef = 682A4D282BF6341D00D16D7C /* ARVideoKit.framework */; };
		682A4D2A2BF6342400D16D7C /* ARVideoKit.framework in Embed Frameworks */ = {isa = PBXBuildFile; fileRef = 682A4D282BF6341D00D16D7C /* ARVideoKit.framework */; settings = {ATTRIBUTES = (CodeSignOnCopy, RemoveHeadersOnCopy, ); }; };
/* End PBXBuildFile section */

/* Begin PBXContainerItemProxy section */
		682A4D272BF6341D00D16D7C /* PBXContainerItemProxy */ = {
			isa = PBXContainerItemProxy;
			containerPortal = 682A4D232BF6341D00D16D7C /* ARVideoKit.xcodeproj */;
			proxyType = 2;
			remoteGlobalIDString = FBD604DA1FA969DD00EC9804;
			remoteInfo = ARVideoKit;
		};
/* End PBXContainerItemProxy section */

/* Begin PBXCopyFilesBuildPhase section */
		6807C7422BF4C57C00E2EE95 /* Embed Frameworks */ = {
			isa = PBXCopyFilesBuildPhase;
			buildActionMask = 2147483647;
			dstPath = "";
			dstSubfolderSpec = 10;
			files = (
				682A4D2A2BF6342400D16D7C /* ARVideoKit.framework in Embed Frameworks */,
			);
			name = "Embed Frameworks";
			runOnlyForDeploymentPostprocessing = 0;
		};
/* End PBXCopyFilesBuildPhase section */

/* Begin PBXFileReference section */
		1D8F6DD82BF157B20084AC46 /* ARFaceFilter.app */ = {isa = PBXFileReference; explicitFileType = wrapper.application; includeInIndex = 0; path = ARFaceFilter.app; sourceTree = BUILT_PRODUCTS_DIR; };
		1D8F6DDB2BF157B20084AC46 /* AppDelegate.swift */ = {isa = PBXFileReference; lastKnownFileType = sourcecode.swift; path = AppDelegate.swift; sourceTree = "<group>"; };
		1D8F6DDD2BF157B20084AC46 /* art.scnassets */ = {isa = PBXFileReference; lastKnownFileType = wrapper.scnassets; path = art.scnassets; sourceTree = "<group>"; };
		1D8F6DDF2BF157B20084AC46 /* ViewController.swift */ = {isa = PBXFileReference; lastKnownFileType = sourcecode.swift; path = ViewController.swift; sourceTree = "<group>"; };
		1D8F6DE22BF157B20084AC46 /* Base */ = {isa = PBXFileReference; lastKnownFileType = file.storyboard; name = Base; path = Base.lproj/Main.storyboard; sourceTree = "<group>"; };
		1D8F6DE42BF157B30084AC46 /* Assets.xcassets */ = {isa = PBXFileReference; lastKnownFileType = folder.assetcatalog; path = Assets.xcassets; sourceTree = "<group>"; };
		1D8F6DE72BF157B30084AC46 /* Base */ = {isa = PBXFileReference; lastKnownFileType = file.storyboard; name = Base; path = Base.lproj/LaunchScreen.storyboard; sourceTree = "<group>"; };
		1D8F6DF42BF2A2BA0084AC46 /* FilterCollectionViewCell.swift */ = {isa = PBXFileReference; lastKnownFileType = sourcecode.swift; path = FilterCollectionViewCell.swift; sourceTree = "<group>"; };
		1D8F6DF52BF2A2BA0084AC46 /* FilterCollectionViewCell.xib */ = {isa = PBXFileReference; lastKnownFileType = file.xib; path = FilterCollectionViewCell.xib; sourceTree = "<group>"; };
		1DDCC6112BF6363300AB6E25 /* ARFaceFilterModel.xcdatamodel */ = {isa = PBXFileReference; lastKnownFileType = wrapper.xcdatamodel; path = ARFaceFilterModel.xcdatamodel; sourceTree = "<group>"; };
		6807C7522BF4D0BF00E2EE95 /* ViewModel.swift */ = {isa = PBXFileReference; lastKnownFileType = sourcecode.swift; path = ViewModel.swift; sourceTree = "<group>"; };
		6807C7552BF4D11D00E2EE95 /* PersistanceStore.swift */ = {isa = PBXFileReference; lastKnownFileType = sourcecode.swift; path = PersistanceStore.swift; sourceTree = "<group>"; };
		6807C7562BF4D14800E2EE95 /* PersistentStorage.swift */ = {isa = PBXFileReference; lastKnownFileType = sourcecode.swift; path = PersistentStorage.swift; sourceTree = "<group>"; };
		6807C75A2BF4D3B300E2EE95 /* VideoEntity+CoreDataClass.swift */ = {isa = PBXFileReference; lastKnownFileType = sourcecode.swift; path = "VideoEntity+CoreDataClass.swift"; sourceTree = "<group>"; };
		6807C75B2BF4D3B300E2EE95 /* VideoEntity+CoreDataProperties.swift */ = {isa = PBXFileReference; lastKnownFileType = sourcecode.swift; path = "VideoEntity+CoreDataProperties.swift"; sourceTree = "<group>"; };
		6807C7612BF4FB0000E2EE95 /* VideosViewController.swift */ = {isa = PBXFileReference; lastKnownFileType = sourcecode.swift; path = VideosViewController.swift; sourceTree = "<group>"; };
		6807C7622BF4FB0000E2EE95 /* VideosViewController.xib */ = {isa = PBXFileReference; lastKnownFileType = file.xib; path = VideosViewController.xib; sourceTree = "<group>"; };
		6807C7662BF4FB7700E2EE95 /* VideoTableViewCell.swift */ = {isa = PBXFileReference; lastKnownFileType = sourcecode.swift; path = VideoTableViewCell.swift; sourceTree = "<group>"; };
		682A4D122BF631C200D16D7C /* FileManager.swift */ = {isa = PBXFileReference; lastKnownFileType = sourcecode.swift; path = FileManager.swift; sourceTree = "<group>"; };
		682A4D232BF6341D00D16D7C /* ARVideoKit.xcodeproj */ = {isa = PBXFileReference; lastKnownFileType = "wrapper.pb-project"; name = ARVideoKit.xcodeproj; path = SDK/ARVideoKit.xcodeproj; sourceTree = SOURCE_ROOT; };
/* End PBXFileReference section */

/* Begin PBXFrameworksBuildPhase section */
		1D8F6DD52BF157B20084AC46 /* Frameworks */ = {
			isa = PBXFrameworksBuildPhase;
			buildActionMask = 2147483647;
			files = (
				682A4D292BF6342400D16D7C /* ARVideoKit.framework in Frameworks */,
			);
			runOnlyForDeploymentPostprocessing = 0;
		};
/* End PBXFrameworksBuildPhase section */

/* Begin PBXGroup section */
		1D8F6DCF2BF157B20084AC46 = {
			isa = PBXGroup;
			children = (
				1D8F6DDA2BF157B20084AC46 /* ARFaceFilter */,
				1D8F6DD92BF157B20084AC46 /* Products */,
				6807C73F2BF4C57C00E2EE95 /* Frameworks */,
			);
			sourceTree = "<group>";
		};
		1D8F6DD92BF157B20084AC46 /* Products */ = {
			isa = PBXGroup;
			children = (
				1D8F6DD82BF157B20084AC46 /* ARFaceFilter.app */,
			);
			name = Products;
			sourceTree = "<group>";
		};
		1D8F6DDA2BF157B20084AC46 /* ARFaceFilter */ = {
			isa = PBXGroup;
			children = (
				682A4D232BF6341D00D16D7C /* ARVideoKit.xcodeproj */,
				682A4D102BF631B700D16D7C /* Extension */,
				6807C7542BF4D11300E2EE95 /* Persistance */,
				1D8F6DFA2BF35F670084AC46 /* Controller */,
				1D8F6DF92BF35F430084AC46 /* View */,
				1D8F6DF82BF35EF60084AC46 /* CustomCell */,
				1D8F6DFB2BF35F8C0084AC46 /* SupportingFiles */,
			);
			path = ARFaceFilter;
			sourceTree = "<group>";
		};
		1D8F6DF82BF35EF60084AC46 /* CustomCell */ = {
			isa = PBXGroup;
			children = (
				1D8F6DF42BF2A2BA0084AC46 /* FilterCollectionViewCell.swift */,
				1D8F6DF52BF2A2BA0084AC46 /* FilterCollectionViewCell.xib */,
			);
			path = CustomCell;
			sourceTree = "<group>";
		};
		1D8F6DF92BF35F430084AC46 /* View */ = {
			isa = PBXGroup;
			children = (
				1D8F6DE12BF157B20084AC46 /* Main.storyboard */,
				1D8F6DE62BF157B30084AC46 /* LaunchScreen.storyboard */,
			);
			path = View;
			sourceTree = "<group>";
		};
		1D8F6DFA2BF35F670084AC46 /* Controller */ = {
			isa = PBXGroup;
			children = (
				6807C7602BF4FAF100E2EE95 /* Videos */,
				1D8F6DDB2BF157B20084AC46 /* AppDelegate.swift */,
				1D8F6DDF2BF157B20084AC46 /* ViewController.swift */,
				6807C7522BF4D0BF00E2EE95 /* ViewModel.swift */,
			);
			path = Controller;
			sourceTree = "<group>";
		};
		1D8F6DFB2BF35F8C0084AC46 /* SupportingFiles */ = {
			isa = PBXGroup;
			children = (
				1D8F6DDD2BF157B20084AC46 /* art.scnassets */,
				1D8F6DE42BF157B30084AC46 /* Assets.xcassets */,
			);
			path = SupportingFiles;
			sourceTree = "<group>";
		};
		6807C73F2BF4C57C00E2EE95 /* Frameworks */ = {
			isa = PBXGroup;
			children = (
			);
			name = Frameworks;
			sourceTree = "<group>";
		};
		6807C7542BF4D11300E2EE95 /* Persistance */ = {
			isa = PBXGroup;
			children = (
				1DDCC6102BF6363300AB6E25 /* ARFaceFilterModel.xcdatamodeld */,
				6807C7552BF4D11D00E2EE95 /* PersistanceStore.swift */,
				6807C7562BF4D14800E2EE95 /* PersistentStorage.swift */,
				6807C75A2BF4D3B300E2EE95 /* VideoEntity+CoreDataClass.swift */,
				6807C75B2BF4D3B300E2EE95 /* VideoEntity+CoreDataProperties.swift */,
			);
			path = Persistance;
			sourceTree = "<group>";
		};
		6807C7602BF4FAF100E2EE95 /* Videos */ = {
			isa = PBXGroup;
			children = (
				6807C7652BF4FB3400E2EE95 /* Cells */,
				6807C7612BF4FB0000E2EE95 /* VideosViewController.swift */,
				6807C7622BF4FB0000E2EE95 /* VideosViewController.xib */,
			);
			path = Videos;
			sourceTree = "<group>";
		};
		6807C7652BF4FB3400E2EE95 /* Cells */ = {
			isa = PBXGroup;
			children = (
				6807C7662BF4FB7700E2EE95 /* VideoTableViewCell.swift */,
			);
			path = Cells;
			sourceTree = "<group>";
		};
		682A4D102BF631B700D16D7C /* Extension */ = {
			isa = PBXGroup;
			children = (
				682A4D122BF631C200D16D7C /* FileManager.swift */,
			);
			path = Extension;
			sourceTree = "<group>";
		};
		682A4D242BF6341D00D16D7C /* Products */ = {
			isa = PBXGroup;
			children = (
				682A4D282BF6341D00D16D7C /* ARVideoKit.framework */,
			);
			name = Products;
			sourceTree = "<group>";
		};
/* End PBXGroup section */

/* Begin PBXNativeTarget section */
		1D8F6DD72BF157B20084AC46 /* ARFaceFilter */ = {
			isa = PBXNativeTarget;
			buildConfigurationList = 1D8F6DEB2BF157B30084AC46 /* Build configuration list for PBXNativeTarget "ARFaceFilter" */;
			buildPhases = (
				1D8F6DD42BF157B20084AC46 /* Sources */,
				1D8F6DD52BF157B20084AC46 /* Frameworks */,
				1D8F6DD62BF157B20084AC46 /* Resources */,
				6807C7422BF4C57C00E2EE95 /* Embed Frameworks */,
			);
			buildRules = (
			);
			dependencies = (
			);
			name = ARFaceFilter;
			productName = ARFaceFilter;
			productReference = 1D8F6DD82BF157B20084AC46 /* ARFaceFilter.app */;
			productType = "com.apple.product-type.application";
		};
/* End PBXNativeTarget section */

/* Begin PBXProject section */
		1D8F6DD02BF157B20084AC46 /* Project object */ = {
			isa = PBXProject;
			attributes = {
				BuildIndependentTargetsInParallel = 1;
				LastSwiftUpdateCheck = 1520;
				LastUpgradeCheck = 1520;
				TargetAttributes = {
					1D8F6DD72BF157B20084AC46 = {
						CreatedOnToolsVersion = 15.2;
					};
				};
			};
			buildConfigurationList = 1D8F6DD32BF157B20084AC46 /* Build configuration list for PBXProject "ARFaceFilter" */;
			compatibilityVersion = "Xcode 14.0";
			developmentRegion = en;
			hasScannedForEncodings = 0;
			knownRegions = (
				en,
				Base,
			);
			mainGroup = 1D8F6DCF2BF157B20084AC46;
			productRefGroup = 1D8F6DD92BF157B20084AC46 /* Products */;
			projectDirPath = "";
			projectReferences = (
				{
					ProductGroup = 682A4D242BF6341D00D16D7C /* Products */;
					ProjectRef = 682A4D232BF6341D00D16D7C /* ARVideoKit.xcodeproj */;
				},
			);
			projectRoot = "";
			targets = (
				1D8F6DD72BF157B20084AC46 /* ARFaceFilter */,
			);
		};
/* End PBXProject section */

/* Begin PBXReferenceProxy section */
		682A4D282BF6341D00D16D7C /* ARVideoKit.framework */ = {
			isa = PBXReferenceProxy;
			fileType = wrapper.framework;
			path = ARVideoKit.framework;
			remoteRef = 682A4D272BF6341D00D16D7C /* PBXContainerItemProxy */;
			sourceTree = BUILT_PRODUCTS_DIR;
		};
/* End PBXReferenceProxy section */

/* Begin PBXResourcesBuildPhase section */
		1D8F6DD62BF157B20084AC46 /* Resources */ = {
			isa = PBXResourcesBuildPhase;
			buildActionMask = 2147483647;
			files = (
				6807C7632BF4FB0000E2EE95 /* VideosViewController.xib in Resources */,
				1D8F6DDE2BF157B20084AC46 /* art.scnassets in Resources */,
				1D8F6DF72BF2A2BA0084AC46 /* FilterCollectionViewCell.xib in Resources */,
				1D8F6DE82BF157B30084AC46 /* LaunchScreen.storyboard in Resources */,
				1D8F6DE52BF157B30084AC46 /* Assets.xcassets in Resources */,
				1D8F6DE32BF157B20084AC46 /* Main.storyboard in Resources */,
			);
			runOnlyForDeploymentPostprocessing = 0;
		};
/* End PBXResourcesBuildPhase section */

/* Begin PBXSourcesBuildPhase section */
		1D8F6DD42BF157B20084AC46 /* Sources */ = {
			isa = PBXSourcesBuildPhase;
			buildActionMask = 2147483647;
			files = (
				6807C7642BF4FB0000E2EE95 /* VideosViewController.swift in Sources */,
				6807C75E2BF4D40900E2EE95 /* VideoEntity+CoreDataProperties.swift in Sources */,
				6807C75F2BF4D40900E2EE95 /* VideoEntity+CoreDataClass.swift in Sources */,
				1DDCC6122BF6363300AB6E25 /* ARFaceFilterModel.xcdatamodeld in Sources */,
				682A4D132BF631C200D16D7C /* FileManager.swift in Sources */,
				6807C7672BF4FB7700E2EE95 /* VideoTableViewCell.swift in Sources */,
				1D8F6DE02BF157B20084AC46 /* ViewController.swift in Sources */,
				1D8F6DF62BF2A2BA0084AC46 /* FilterCollectionViewCell.swift in Sources */,
				6807C7532BF4D0C000E2EE95 /* ViewModel.swift in Sources */,
				6807C75C2BF4D3FA00E2EE95 /* PersistanceStore.swift in Sources */,
				1D8F6DDC2BF157B20084AC46 /* AppDelegate.swift in Sources */,
				6807C75D2BF4D3FD00E2EE95 /* PersistentStorage.swift in Sources */,
			);
			runOnlyForDeploymentPostprocessing = 0;
		};
/* End PBXSourcesBuildPhase section */

/* Begin PBXVariantGroup section */
		1D8F6DE12BF157B20084AC46 /* Main.storyboard */ = {
			isa = PBXVariantGroup;
			children = (
				1D8F6DE22BF157B20084AC46 /* Base */,
			);
			name = Main.storyboard;
			sourceTree = "<group>";
		};
		1D8F6DE62BF157B30084AC46 /* LaunchScreen.storyboard */ = {
			isa = PBXVariantGroup;
			children = (
				1D8F6DE72BF157B30084AC46 /* Base */,
			);
			name = LaunchScreen.storyboard;
			sourceTree = "<group>";
		};
/* End PBXVariantGroup section */

/* Begin XCBuildConfiguration section */
		1D8F6DE92BF157B30084AC46 /* Debug */ = {
			isa = XCBuildConfiguration;
			buildSettings = {
				ALWAYS_SEARCH_USER_PATHS = NO;
				ASSETCATALOG_COMPILER_GENERATE_SWIFT_ASSET_SYMBOL_EXTENSIONS = YES;
				CLANG_ANALYZER_NONNULL = YES;
				CLANG_ANALYZER_NUMBER_OBJECT_CONVERSION = YES_AGGRESSIVE;
				CLANG_CXX_LANGUAGE_STANDARD = "gnu++20";
				CLANG_ENABLE_MODULES = YES;
				CLANG_ENABLE_OBJC_ARC = YES;
				CLANG_ENABLE_OBJC_WEAK = YES;
				CLANG_WARN_BLOCK_CAPTURE_AUTORELEASING = YES;
				CLANG_WARN_BOOL_CONVERSION = YES;
				CLANG_WARN_COMMA = YES;
				CLANG_WARN_CONSTANT_CONVERSION = YES;
				CLANG_WARN_DEPRECATED_OBJC_IMPLEMENTATIONS = YES;
				CLANG_WARN_DIRECT_OBJC_ISA_USAGE = YES_ERROR;
				CLANG_WARN_DOCUMENTATION_COMMENTS = YES;
				CLANG_WARN_EMPTY_BODY = YES;
				CLANG_WARN_ENUM_CONVERSION = YES;
				CLANG_WARN_INFINITE_RECURSION = YES;
				CLANG_WARN_INT_CONVERSION = YES;
				CLANG_WARN_NON_LITERAL_NULL_CONVERSION = YES;
				CLANG_WARN_OBJC_IMPLICIT_RETAIN_SELF = YES;
				CLANG_WARN_OBJC_LITERAL_CONVERSION = YES;
				CLANG_WARN_OBJC_ROOT_CLASS = YES_ERROR;
				CLANG_WARN_QUOTED_INCLUDE_IN_FRAMEWORK_HEADER = YES;
				CLANG_WARN_RANGE_LOOP_ANALYSIS = YES;
				CLANG_WARN_STRICT_PROTOTYPES = YES;
				CLANG_WARN_SUSPICIOUS_MOVE = YES;
				CLANG_WARN_UNGUARDED_AVAILABILITY = YES_AGGRESSIVE;
				CLANG_WARN_UNREACHABLE_CODE = YES;
				CLANG_WARN__DUPLICATE_METHOD_MATCH = YES;
				COPY_PHASE_STRIP = NO;
				DEBUG_INFORMATION_FORMAT = dwarf;
				ENABLE_STRICT_OBJC_MSGSEND = YES;
				ENABLE_TESTABILITY = YES;
				ENABLE_USER_SCRIPT_SANDBOXING = YES;
				GCC_C_LANGUAGE_STANDARD = gnu17;
				GCC_DYNAMIC_NO_PIC = NO;
				GCC_NO_COMMON_BLOCKS = YES;
				GCC_OPTIMIZATION_LEVEL = 0;
				GCC_PREPROCESSOR_DEFINITIONS = (
					"DEBUG=1",
					"$(inherited)",
				);
				GCC_WARN_64_TO_32_BIT_CONVERSION = YES;
				GCC_WARN_ABOUT_RETURN_TYPE = YES_ERROR;
				GCC_WARN_UNDECLARED_SELECTOR = YES;
				GCC_WARN_UNINITIALIZED_AUTOS = YES_AGGRESSIVE;
				GCC_WARN_UNUSED_FUNCTION = YES;
				GCC_WARN_UNUSED_VARIABLE = YES;
				IPHONEOS_DEPLOYMENT_TARGET = 17.2;
				LOCALIZATION_PREFERS_STRING_CATALOGS = YES;
				MTL_ENABLE_DEBUG_INFO = INCLUDE_SOURCE;
				MTL_FAST_MATH = YES;
				ONLY_ACTIVE_ARCH = YES;
				SDKROOT = iphoneos;
				SWIFT_ACTIVE_COMPILATION_CONDITIONS = "DEBUG $(inherited)";
				SWIFT_OPTIMIZATION_LEVEL = "-Onone";
			};
			name = Debug;
		};
		1D8F6DEA2BF157B30084AC46 /* Release */ = {
			isa = XCBuildConfiguration;
			buildSettings = {
				ALWAYS_SEARCH_USER_PATHS = NO;
				ASSETCATALOG_COMPILER_GENERATE_SWIFT_ASSET_SYMBOL_EXTENSIONS = YES;
				CLANG_ANALYZER_NONNULL = YES;
				CLANG_ANALYZER_NUMBER_OBJECT_CONVERSION = YES_AGGRESSIVE;
				CLANG_CXX_LANGUAGE_STANDARD = "gnu++20";
				CLANG_ENABLE_MODULES = YES;
				CLANG_ENABLE_OBJC_ARC = YES;
				CLANG_ENABLE_OBJC_WEAK = YES;
				CLANG_WARN_BLOCK_CAPTURE_AUTORELEASING = YES;
				CLANG_WARN_BOOL_CONVERSION = YES;
				CLANG_WARN_COMMA = YES;
				CLANG_WARN_CONSTANT_CONVERSION = YES;
				CLANG_WARN_DEPRECATED_OBJC_IMPLEMENTATIONS = YES;
				CLANG_WARN_DIRECT_OBJC_ISA_USAGE = YES_ERROR;
				CLANG_WARN_DOCUMENTATION_COMMENTS = YES;
				CLANG_WARN_EMPTY_BODY = YES;
				CLANG_WARN_ENUM_CONVERSION = YES;
				CLANG_WARN_INFINITE_RECURSION = YES;
				CLANG_WARN_INT_CONVERSION = YES;
				CLANG_WARN_NON_LITERAL_NULL_CONVERSION = YES;
				CLANG_WARN_OBJC_IMPLICIT_RETAIN_SELF = YES;
				CLANG_WARN_OBJC_LITERAL_CONVERSION = YES;
				CLANG_WARN_OBJC_ROOT_CLASS = YES_ERROR;
				CLANG_WARN_QUOTED_INCLUDE_IN_FRAMEWORK_HEADER = YES;
				CLANG_WARN_RANGE_LOOP_ANALYSIS = YES;
				CLANG_WARN_STRICT_PROTOTYPES = YES;
				CLANG_WARN_SUSPICIOUS_MOVE = YES;
				CLANG_WARN_UNGUARDED_AVAILABILITY = YES_AGGRESSIVE;
				CLANG_WARN_UNREACHABLE_CODE = YES;
				CLANG_WARN__DUPLICATE_METHOD_MATCH = YES;
				COPY_PHASE_STRIP = NO;
				DEBUG_INFORMATION_FORMAT = "dwarf-with-dsym";
				ENABLE_NS_ASSERTIONS = NO;
				ENABLE_STRICT_OBJC_MSGSEND = YES;
				ENABLE_USER_SCRIPT_SANDBOXING = YES;
				GCC_C_LANGUAGE_STANDARD = gnu17;
				GCC_NO_COMMON_BLOCKS = YES;
				GCC_WARN_64_TO_32_BIT_CONVERSION = YES;
				GCC_WARN_ABOUT_RETURN_TYPE = YES_ERROR;
				GCC_WARN_UNDECLARED_SELECTOR = YES;
				GCC_WARN_UNINITIALIZED_AUTOS = YES_AGGRESSIVE;
				GCC_WARN_UNUSED_FUNCTION = YES;
				GCC_WARN_UNUSED_VARIABLE = YES;
				IPHONEOS_DEPLOYMENT_TARGET = 17.2;
				LOCALIZATION_PREFERS_STRING_CATALOGS = YES;
				MTL_ENABLE_DEBUG_INFO = NO;
				MTL_FAST_MATH = YES;
				SDKROOT = iphoneos;
				SWIFT_COMPILATION_MODE = wholemodule;
				VALIDATE_PRODUCT = YES;
			};
			name = Release;
		};
		1D8F6DEC2BF157B30084AC46 /* Debug */ = {
			isa = XCBuildConfiguration;
			buildSettings = {
				ASSETCATALOG_COMPILER_APPICON_NAME = AppIcon;
				ASSETCATALOG_COMPILER_GLOBAL_ACCENT_COLOR_NAME = AccentColor;
				CODE_SIGN_STYLE = Automatic;
				CURRENT_PROJECT_VERSION = 1;
				DEVELOPMENT_TEAM = 8C93AHGYPE;
				GENERATE_INFOPLIST_FILE = YES;
				INFOPLIST_KEY_NSCameraUsageDescription = "";
				INFOPLIST_KEY_NSMicrophoneUsageDescription = "";
				INFOPLIST_KEY_UIApplicationSupportsIndirectInputEvents = YES;
				INFOPLIST_KEY_UILaunchStoryboardName = LaunchScreen;
				INFOPLIST_KEY_UIMainStoryboardFile = Main;
				INFOPLIST_KEY_UIRequiredDeviceCapabilities = arkit;
				INFOPLIST_KEY_UIStatusBarHidden = YES;
				INFOPLIST_KEY_UISupportedInterfaceOrientations_iPad = "UIInterfaceOrientationPortrait UIInterfaceOrientationPortraitUpsideDown UIInterfaceOrientationLandscapeLeft UIInterfaceOrientationLandscapeRight";
				INFOPLIST_KEY_UISupportedInterfaceOrientations_iPhone = "UIInterfaceOrientationPortrait UIInterfaceOrientationLandscapeLeft UIInterfaceOrientationLandscapeRight";
				IPHONEOS_DEPLOYMENT_TARGET = 15.0;
				LD_RUNPATH_SEARCH_PATHS = (
					"$(inherited)",
					"@executable_path/Frameworks",
				);
				MARKETING_VERSION = 1.0;
				PRODUCT_BUNDLE_IDENTIFIER = com.haider.ARFaceFilter.test;
				PRODUCT_NAME = "$(TARGET_NAME)";
				SWIFT_EMIT_LOC_STRINGS = YES;
				SWIFT_VERSION = 5.0;
				TARGETED_DEVICE_FAMILY = "1,2";
			};
			name = Debug;
		};
		1D8F6DED2BF157B30084AC46 /* Release */ = {
			isa = XCBuildConfiguration;
			buildSettings = {
				ASSETCATALOG_COMPILER_APPICON_NAME = AppIcon;
				ASSETCATALOG_COMPILER_GLOBAL_ACCENT_COLOR_NAME = AccentColor;
				CODE_SIGN_STYLE = Automatic;
				CURRENT_PROJECT_VERSION = 1;
				DEVELOPMENT_TEAM = 8C93AHGYPE;
				GENERATE_INFOPLIST_FILE = YES;
				INFOPLIST_KEY_NSCameraUsageDescription = "";
				INFOPLIST_KEY_NSMicrophoneUsageDescription = "";
				INFOPLIST_KEY_UIApplicationSupportsIndirectInputEvents = YES;
				INFOPLIST_KEY_UILaunchStoryboardName = LaunchScreen;
				INFOPLIST_KEY_UIMainStoryboardFile = Main;
				INFOPLIST_KEY_UIRequiredDeviceCapabilities = arkit;
				INFOPLIST_KEY_UIStatusBarHidden = YES;
				INFOPLIST_KEY_UISupportedInterfaceOrientations_iPad = "UIInterfaceOrientationPortrait UIInterfaceOrientationPortraitUpsideDown UIInterfaceOrientationLandscapeLeft UIInterfaceOrientationLandscapeRight";
				INFOPLIST_KEY_UISupportedInterfaceOrientations_iPhone = "UIInterfaceOrientationPortrait UIInterfaceOrientationLandscapeLeft UIInterfaceOrientationLandscapeRight";
				IPHONEOS_DEPLOYMENT_TARGET = 15.0;
				LD_RUNPATH_SEARCH_PATHS = (
					"$(inherited)",
					"@executable_path/Frameworks",
				);
				MARKETING_VERSION = 1.0;
				PRODUCT_BUNDLE_IDENTIFIER = com.haider.ARFaceFilter.test;
				PRODUCT_NAME = "$(TARGET_NAME)";
				SWIFT_EMIT_LOC_STRINGS = YES;
				SWIFT_VERSION = 5.0;
				TARGETED_DEVICE_FAMILY = "1,2";
			};
			name = Release;
		};
/* End XCBuildConfiguration section */

/* Begin XCConfigurationList section */
		1D8F6DD32BF157B20084AC46 /* Build configuration list for PBXProject "ARFaceFilter" */ = {
			isa = XCConfigurationList;
			buildConfigurations = (
				1D8F6DE92BF157B30084AC46 /* Debug */,
				1D8F6DEA2BF157B30084AC46 /* Release */,
			);
			defaultConfigurationIsVisible = 0;
			defaultConfigurationName = Release;
		};
		1D8F6DEB2BF157B30084AC46 /* Build configuration list for PBXNativeTarget "ARFaceFilter" */ = {
			isa = XCConfigurationList;
			buildConfigurations = (
				1D8F6DEC2BF157B30084AC46 /* Debug */,
				1D8F6DED2BF157B30084AC46 /* Release */,
			);
			defaultConfigurationIsVisible = 0;
			defaultConfigurationName = Release;
		};
/* End XCConfigurationList section */

/* Begin XCVersionGroup section */
		1DDCC6102BF6363300AB6E25 /* ARFaceFilterModel.xcdatamodeld */ = {
			isa = XCVersionGroup;
			children = (
				1DDCC6112BF6363300AB6E25 /* ARFaceFilterModel.xcdatamodel */,
			);
			currentVersion = 1DDCC6112BF6363300AB6E25 /* ARFaceFilterModel.xcdatamodel */;
			name = ARFaceFilterModel.xcdatamodeld;
			path = /Users/rathore/Documents/iOS_Projects/ARFaceFilter/ARFaceFilter/Persistance/ARFaceFilterModel.xcdatamodeld;
			sourceTree = "<group>";
			versionGroupType = wrapper.xcdatamodel;
		};
/* End XCVersionGroup section */
	};
	rootObject = 1D8F6DD02BF157B20084AC46 /* Project object */;
}
